
Microsoft Visual Studio Solution File, Format Version 12.00
# Visual Studio 14
VisualStudioVersion = 14.0.23107.0
MinimumVisualStudioVersion = 10.0.40219.1
Project("{2150E333-8FDC-42A3-9474-1A3956D46DE8}") = "sync-windows-app", "sync-windows-app", "{28AA140D-F006-46E2-95B4-477F74A93DDF}"
EndProject
Project("{D954291E-2A0B-460D-934E-DC6B0785DB48}") = "sync-windows-app.Shared", "sync-windows-app\sync-windows-app.Shared\sync-windows-app.Shared.shproj", "{5D95B5FD-9C31-4B0B-BB82-EA528795EE1A}"
EndProject
Project("{FAE04EC0-301F-11D3-BF4B-00C04F79EFBC}") = "sync-windows-app.Windows", "sync-windows-app\sync-windows-app.Windows\sync-windows-app.Windows.csproj", "{3C1D8ACE-A9BF-4E6A-8B54-31D3B3D80845}"
EndProject
Project("{FAE04EC0-301F-11D3-BF4B-00C04F79EFBC}") = "sync-windows-app.Universal", "sync-windows-app\sync-windows-app.Universal\sync-windows-app.Universal.csproj", "{1D3159FF-9479-4B53-B5EA-4A173B716C7E}"
EndProject
Global
	GlobalSection(SharedMSBuildProjectFiles) = preSolution
		sync-windows-app\sync-windows-app.Shared\sync-windows-app.Shared.projitems*{3c1d8ace-a9bf-4e6a-8b54-31d3b3d80845}*SharedItemsImports = 4
		sync-windows-app\sync-windows-app.Shared\sync-windows-app.Shared.projitems*{1d3159ff-9479-4b53-b5ea-4a173b716c7e}*SharedItemsImports = 4
		sync-windows-app\sync-windows-app.Shared\sync-windows-app.Shared.projitems*{5d95b5fd-9c31-4b0b-bb82-ea528795ee1a}*SharedItemsImports = 13
	EndGlobalSection
	GlobalSection(SolutionConfigurationPlatforms) = preSolution
		Debug|Any CPU = Debug|Any CPU
		Debug|ARM = Debug|ARM
		Debug|x64 = Debug|x64
		Debug|x86 = Debug|x86
		Release|Any CPU = Release|Any CPU
		Release|ARM = Release|ARM
		Release|x64 = Release|x64
		Release|x86 = Release|x86
	EndGlobalSection
	GlobalSection(ProjectConfigurationPlatforms) = postSolution
		{3C1D8ACE-A9BF-4E6A-8B54-31D3B3D80845}.Debug|Any CPU.ActiveCfg = Debug|Any CPU
		{3C1D8ACE-A9BF-4E6A-8B54-31D3B3D80845}.Debug|Any CPU.Build.0 = Debug|Any CPU
		{3C1D8ACE-A9BF-4E6A-8B54-31D3B3D80845}.Debug|Any CPU.Deploy.0 = Debug|Any CPU
		{3C1D8ACE-A9BF-4E6A-8B54-31D3B3D80845}.Debug|ARM.ActiveCfg = Debug|ARM
		{3C1D8ACE-A9BF-4E6A-8B54-31D3B3D80845}.Debug|ARM.Build.0 = Debug|ARM
		{3C1D8ACE-A9BF-4E6A-8B54-31D3B3D80845}.Debug|ARM.Deploy.0 = Debug|ARM
		{3C1D8ACE-A9BF-4E6A-8B54-31D3B3D80845}.Debug|x64.ActiveCfg = Debug|x64
		{3C1D8ACE-A9BF-4E6A-8B54-31D3B3D80845}.Debug|x64.Build.0 = Debug|x64
		{3C1D8ACE-A9BF-4E6A-8B54-31D3B3D80845}.Debug|x64.Deploy.0 = Debug|x64
		{3C1D8ACE-A9BF-4E6A-8B54-31D3B3D80845}.Debug|x86.ActiveCfg = Debug|x86
		{3C1D8ACE-A9BF-4E6A-8B54-31D3B3D80845}.Debug|x86.Build.0 = Debug|x86
		{3C1D8ACE-A9BF-4E6A-8B54-31D3B3D80845}.Debug|x86.Deploy.0 = Debug|x86
		{3C1D8ACE-A9BF-4E6A-8B54-31D3B3D80845}.Release|Any CPU.ActiveCfg = Release|Any CPU
		{3C1D8ACE-A9BF-4E6A-8B54-31D3B3D80845}.Release|Any CPU.Build.0 = Release|Any CPU
		{3C1D8ACE-A9BF-4E6A-8B54-31D3B3D80845}.Release|Any CPU.Deploy.0 = Release|Any CPU
		{3C1D8ACE-A9BF-4E6A-8B54-31D3B3D80845}.Release|ARM.ActiveCfg = Release|ARM
		{3C1D8ACE-A9BF-4E6A-8B54-31D3B3D80845}.Release|ARM.Build.0 = Release|ARM
		{3C1D8ACE-A9BF-4E6A-8B54-31D3B3D80845}.Release|ARM.Deploy.0 = Release|ARM
		{3C1D8ACE-A9BF-4E6A-8B54-31D3B3D80845}.Release|x64.ActiveCfg = Release|x64
		{3C1D8ACE-A9BF-4E6A-8B54-31D3B3D80845}.Release|x64.Build.0 = Release|x64
		{3C1D8ACE-A9BF-4E6A-8B54-31D3B3D80845}.Release|x64.Deploy.0 = Release|x64
		{3C1D8ACE-A9BF-4E6A-8B54-31D3B3D80845}.Release|x86.ActiveCfg = Release|x86
		{3C1D8ACE-A9BF-4E6A-8B54-31D3B3D80845}.Release|x86.Build.0 = Release|x86
		{3C1D8ACE-A9BF-4E6A-8B54-31D3B3D80845}.Release|x86.Deploy.0 = Release|x86
		{1D3159FF-9479-4B53-B5EA-4A173B716C7E}.Debug|Any CPU.ActiveCfg = Debug|x86
		{1D3159FF-9479-4B53-B5EA-4A173B716C7E}.Debug|ARM.ActiveCfg = Debug|ARM
		{1D3159FF-9479-4B53-B5EA-4A173B716C7E}.Debug|ARM.Build.0 = Debug|ARM
		{1D3159FF-9479-4B53-B5EA-4A173B716C7E}.Debug|ARM.Deploy.0 = Debug|ARM
		{1D3159FF-9479-4B53-B5EA-4A173B716C7E}.Debug|x64.ActiveCfg = Debug|x64
		{1D3159FF-9479-4B53-B5EA-4A173B716C7E}.Debug|x64.Build.0 = Debug|x64
		{1D3159FF-9479-4B53-B5EA-4A173B716C7E}.Debug|x64.Deploy.0 = Debug|x64
		{1D3159FF-9479-4B53-B5EA-4A173B716C7E}.Debug|x86.ActiveCfg = Debug|x86
		{1D3159FF-9479-4B53-B5EA-4A173B716C7E}.Debug|x86.Build.0 = Debug|x86
		{1D3159FF-9479-4B53-B5EA-4A173B716C7E}.Debug|x86.Deploy.0 = Debug|x86
		{1D3159FF-9479-4B53-B5EA-4A173B716C7E}.Release|Any CPU.ActiveCfg = Release|x86
		{1D3159FF-9479-4B53-B5EA-4A173B716C7E}.Release|ARM.ActiveCfg = Release|ARM
		{1D3159FF-9479-4B53-B5EA-4A173B716C7E}.Release|ARM.Build.0 = Release|ARM
		{1D3159FF-9479-4B53-B5EA-4A173B716C7E}.Release|ARM.Deploy.0 = Release|ARM
		{1D3159FF-9479-4B53-B5EA-4A173B716C7E}.Release|x64.ActiveCfg = Release|x64
		{1D3159FF-9479-4B53-B5EA-4A173B716C7E}.Release|x64.Build.0 = Release|x64
		{1D3159FF-9479-4B53-B5EA-4A173B716C7E}.Release|x64.Deploy.0 = Release|x64
		{1D3159FF-9479-4B53-B5EA-4A173B716C7E}.Release|x86.ActiveCfg = Release|x86
		{1D3159FF-9479-4B53-B5EA-4A173B716C7E}.Release|x86.Build.0 = Release|x86
		{1D3159FF-9479-4B53-B5EA-4A173B716C7E}.Release|x86.Deploy.0 = Release|x86
	EndGlobalSection
	GlobalSection(SolutionProperties) = preSolution
		HideSolutionNode = FALSE
	EndGlobalSection
	GlobalSection(NestedProjects) = preSolution
		{5D95B5FD-9C31-4B0B-BB82-EA528795EE1A} = {28AA140D-F006-46E2-95B4-477F74A93DDF}
		{3C1D8ACE-A9BF-4E6A-8B54-31D3B3D80845} = {28AA140D-F006-46E2-95B4-477F74A93DDF}
		{1D3159FF-9479-4B53-B5EA-4A173B716C7E} = {28AA140D-F006-46E2-95B4-477F74A93DDF}
	EndGlobalSection
EndGlobal
